PODS:
  - DRDahsedLineView (0.1.0)

DEPENDENCIES:
  - DRDahsedLineView (from `../`)

EXTERNAL SOURCES:
  DRDahsedLineView:
    :path: "../"

SPEC CHECKSUMS:
  DRDahsedLineView: 964efb5b023c2b4b9362f19e5dd1480b979a3582

PODFILE CHECKSUM: 72afb342aaa61b608666546570f0977d02d7a12e

COCOAPODS: 1.7.0.rc.1
